
Microsoft Visual Studio Solution File, Format Version 12.00
# Visual Studio Version 17
VisualStudioVersion = 17.13.35828.75 d17.13
MinimumVisualStudioVersion = 10.0.40219.1
Project("{FAE04EC0-301F-11D3-BF4B-00C04F79EFBC}") = "AdminService", "AdminService\AdminService.csproj", "{9FCAF67D-8AE6-4758-86FF-65AC6F41CFD4}"
EndProject
Project("{2150E333-8FDC-42A3-9474-1A3956D46DE8}") = "src", "src", "{02EA681E-C7D8-13C7-8484-4AC65E1B71E8}"
EndProject
Project("{2150E333-8FDC-42A3-9474-1A3956D46DE8}") = "Services", "Services", "{6A2B3D8C-2020-4BED-9EB4-36DFDCC2A941}"
EndProject
Project("{2150E333-8FDC-42A3-9474-1A3956D46DE8}") = "BuildingBlock", "BuildingBlock", "{D0696D67-DE81-43C5-AD65-1D1B3A0E53E3}"
EndProject
Project("{FAE04EC0-301F-11D3-BF4B-00C04F79EFBC}") = "Utils", "Utils\Utils.csproj", "{6B711328-88BE-42EF-814F-D776F9CD899A}"
EndProject
Project("{2150E333-8FDC-42A3-9474-1A3956D46DE8}") = "Common", "Common", "{B3140BD1-661A-4A7E-AF14-DE0E55D41C93}"
EndProject
Global
	GlobalSection(SolutionConfigurationPlatforms) = preSolution
		Debug|Any CPU = Debug|Any CPU
		Release|Any CPU = Release|Any CPU
	EndGlobalSection
	GlobalSection(ProjectConfigurationPlatforms) = postSolution
		{9FCAF67D-8AE6-4758-86FF-65AC6F41CFD4}.Debug|Any CPU.ActiveCfg = Debug|Any CPU
		{9FCAF67D-8AE6-4758-86FF-65AC6F41CFD4}.Debug|Any CPU.Build.0 = Debug|Any CPU
		{9FCAF67D-8AE6-4758-86FF-65AC6F41CFD4}.Release|Any CPU.ActiveCfg = Release|Any CPU
		{9FCAF67D-8AE6-4758-86FF-65AC6F41CFD4}.Release|Any CPU.Build.0 = Release|Any CPU
		{6B711328-88BE-42EF-814F-D776F9CD899A}.Debug|Any CPU.ActiveCfg = Debug|Any CPU
		{6B711328-88BE-42EF-814F-D776F9CD899A}.Debug|Any CPU.Build.0 = Debug|Any CPU
		{6B711328-88BE-42EF-814F-D776F9CD899A}.Release|Any CPU.ActiveCfg = Release|Any CPU
		{6B711328-88BE-42EF-814F-D776F9CD899A}.Release|Any CPU.Build.0 = Release|Any CPU
	EndGlobalSection
	GlobalSection(SolutionProperties) = preSolution
		HideSolutionNode = FALSE
	EndGlobalSection
	GlobalSection(NestedProjects) = preSolution
		{9FCAF67D-8AE6-4758-86FF-65AC6F41CFD4} = {6A2B3D8C-2020-4BED-9EB4-36DFDCC2A941}
		{6A2B3D8C-2020-4BED-9EB4-36DFDCC2A941} = {02EA681E-C7D8-13C7-8484-4AC65E1B71E8}
		{D0696D67-DE81-43C5-AD65-1D1B3A0E53E3} = {02EA681E-C7D8-13C7-8484-4AC65E1B71E8}
		{6B711328-88BE-42EF-814F-D776F9CD899A} = {B3140BD1-661A-4A7E-AF14-DE0E55D41C93}
		{B3140BD1-661A-4A7E-AF14-DE0E55D41C93} = {D0696D67-DE81-43C5-AD65-1D1B3A0E53E3}
	EndGlobalSection
	GlobalSection(ExtensibilityGlobals) = postSolution
		SolutionGuid = {E788E92D-D208-4ECF-9C88-8679BBCFA975}
	EndGlobalSection
EndGlobal
